
Microsoft Visual Studio Solution File, Format Version 12.00
# Visual Studio Version 18
VisualStudioVersion = 18.5.11612.153 insiders
MinimumVisualStudioVersion = 10.0.40219.1
Project("{9A19103F-16F7-4668-BE54-9A1E7A4F7556}") = "powerLabel", "powerLabel.csproj", "{7B6921AA-069F-465F-9497-2D616489CE11}"
EndProject
Global
	GlobalSection(SolutionConfigurationPlatforms) = preSolution
		Debug|Any CPU = Debug|Any CPU
		Debug|x64 = Debug|x64
		Release|Any CPU = Release|Any CPU
		Release|x64 = Release|x64
	EndGlobalSection
	GlobalSection(ProjectConfigurationPlatforms) = postSolution
		{7B6921AA-069F-465F-9497-2D616489CE11}.Debug|Any CPU.ActiveCfg = Debug|Any CPU
		{7B6921AA-069F-465F-9497-2D616489CE11}.Debug|Any CPU.Build.0 = Debug|Any CPU
		{7B6921AA-069F-465F-9497-2D616489CE11}.Debug|x64.ActiveCfg = Debug|x64
		{7B6921AA-069F-465F-9497-2D616489CE11}.Debug|x64.Build.0 = Debug|x64
		{7B6921AA-069F-465F-9497-2D616489CE11}.Release|Any CPU.ActiveCfg = Release|Any CPU
		{7B6921AA-069F-465F-9497-2D616489CE11}.Release|Any CPU.Build.0 = Release|Any CPU
		{7B6921AA-069F-465F-9497-2D616489CE11}.Release|x64.ActiveCfg = Release|x64
		{7B6921AA-069F-465F-9497-2D616489CE11}.Release|x64.Build.0 = Release|x64
	EndGlobalSection
	GlobalSection(SolutionProperties) = preSolution
		HideSolutionNode = FALSE
	EndGlobalSection
	GlobalSection(ExtensibilityGlobals) = postSolution
		SolutionGuid = {DD87160F-86AB-4E57-8DBF-06691B2BDADC}
	EndGlobalSection
EndGlobal
